<Solution>
  <Project Path="src/ion.compiler/ion.compiler.csproj" Id="85aacc21-6a08-47c6-88ef-c230fb783190" />
  <Project Path="src/ion.runtime/ion.runtime.csproj" Id="468fea3c-f6dd-4a2d-8846-93817df1948f" />
  <Project Path="src/ion.syntax.test/ion.syntax.test.csproj" Id="9ac45072-db94-43ff-a42f-4d53e6bb4206" />
  <Project Path="src/ion.syntax/ion.syntax.csproj" Id="1f05ffef-3ecd-426c-a60c-59e64e82144b" />
</Solution>
